
Microsoft Visual Studio Solution File, Format Version 12.00
# Visual Studio Version 16
VisualStudioVersion = 16.0.29609.76
MinimumVisualStudioVersion = 10.0.40219.1
Project("{FAE04EC0-301F-11D3-BF4B-00C04F79EFBC}") = "BookShop", "BookShop\BookShop.csproj", "{5DF0F118-6EAC-4B73-A89F-BF9F1A91EE91}"
EndProject
Global
	GlobalSection(SolutionConfigurationPlatforms) = preSolution
		Debug|Any CPU = Debug|Any CPU
		Release|Any CPU = Release|Any CPU
	EndGlobalSection
	GlobalSection(ProjectConfigurationPlatforms) = postSolution
		{5DF0F118-6EAC-4B73-A89F-BF9F1A91EE91}.Debug|Any CPU.ActiveCfg = Debug|Any CPU
		{5DF0F118-6EAC-4B73-A89F-BF9F1A91EE91}.Debug|Any CPU.Build.0 = Debug|Any CPU
		{5DF0F118-6EAC-4B73-A89F-BF9F1A91EE91}.Release|Any CPU.ActiveCfg = Release|Any CPU
		{5DF0F118-6EAC-4B73-A89F-BF9F1A91EE91}.Release|Any CPU.Build.0 = Release|Any CPU
	EndGlobalSection
	GlobalSection(SolutionProperties) = preSolution
		HideSolutionNode = FALSE
	EndGlobalSection
	GlobalSection(ExtensibilityGlobals) = postSolution
		SolutionGuid = {7CCD946D-9415-424C-8412-496EE910C688}
	EndGlobalSection
EndGlobal
